
Microsoft Visual Studio Solution File, Format Version 12.00
# Visual Studio 2015
Project("{FAE04EC0-301F-11D3-BF4B-00C04F79EFBC}") = "Gauntlet Clone Project", "Gauntlet Clone Project.csproj", "{08DC1FB4-A975-44AA-8877-BFD38575DBAC}"
EndProject
Global
	GlobalSection(SolutionConfigurationPlatforms) = preSolution
		Debug|Any CPU = Debug|Any CPU
		Release|Any CPU = Release|Any CPU
	EndGlobalSection
	GlobalSection(ProjectConfigurationPlatforms) = postSolution
		{08DC1FB4-A975-44AA-8877-BFD38575DBAC}.Debug|Any CPU.ActiveCfg = Debug|Any CPU
		{08DC1FB4-A975-44AA-8877-BFD38575DBAC}.Debug|Any CPU.Build.0 = Debug|Any CPU
		{08DC1FB4-A975-44AA-8877-BFD38575DBAC}.Release|Any CPU.ActiveCfg = Release|Any CPU
		{08DC1FB4-A975-44AA-8877-BFD38575DBAC}.Release|Any CPU.Build.0 = Release|Any CPU
	EndGlobalSection
	GlobalSection(SolutionProperties) = preSolution
		HideSolutionNode = FALSE
	EndGlobalSection
EndGlobal
